
Microsoft Visual Studio Solution File, Format Version 12.00
# Visual Studio Version 17
VisualStudioVersion = 17.14.36811.4 d17.14
MinimumVisualStudioVersion = 10.0.40219.1
Project("{FAE04EC0-301F-11D3-BF4B-00C04F79EFBC}") = "S10275435_PRG2Assignment", "S10275435_PRG2Assignment\S10275435_PRG2Assignment.csproj", "{8416D540-B72C-486B-BA01-900C0502EEDD}"
EndProject
Global
	GlobalSection(SolutionConfigurationPlatforms) = preSolution
		Debug|Any CPU = Debug|Any CPU
		Release|Any CPU = Release|Any CPU
	EndGlobalSection
	GlobalSection(ProjectConfigurationPlatforms) = postSolution
		{8416D540-B72C-486B-BA01-900C0502EEDD}.Debug|Any CPU.ActiveCfg = Debug|Any CPU
		{8416D540-B72C-486B-BA01-900C0502EEDD}.Debug|Any CPU.Build.0 = Debug|Any CPU
		{8416D540-B72C-486B-BA01-900C0502EEDD}.Release|Any CPU.ActiveCfg = Release|Any CPU
		{8416D540-B72C-486B-BA01-900C0502EEDD}.Release|Any CPU.Build.0 = Release|Any CPU
	EndGlobalSection
	GlobalSection(SolutionProperties) = preSolution
		HideSolutionNode = FALSE
	EndGlobalSection
	GlobalSection(ExtensibilityGlobals) = postSolution
		SolutionGuid = {E47FFE9F-360D-49BC-AA72-7816049847B3}
	EndGlobalSection
EndGlobal
